// !$*UTF8*$!
{
	archiveVersion = 1;
	classes = {
	};
	objectVersion = 46;
	objects = {

/* Begin PBXBuildFile section */
		03C7E3961B02E4080051F838 /* AppDelegate.swift in Sources */ = {isa = PBXBuildFile; fileRef = 03C7E3951B02E4080051F838 /* AppDelegate.swift */; };
		03C7E3981B02E4080051F838 /* ViewController.swift in Sources */ = {isa = PBXBuildFile; fileRef = 03C7E3971B02E4080051F838 /* ViewController.swift */; };
		03C7E39B1B02E4080051F838 /* Main.storyboard in Resources */ = {isa = PBXBuildFile; fileRef = 03C7E3991B02E4080051F838 /* Main.storyboard */; };
		03C7E39D1B02E4080051F838 /* Images.xcassets in Resources */ = {isa = PBXBuildFile; fileRef = 03C7E39C1B02E4080051F838 /* Images.xcassets */; };
		03C7E3A01B02E4080051F838 /* LaunchScreen.xib in Resources */ = {isa = PBXBuildFile; fileRef = 03C7E39E1B02E4080051F838 /* LaunchScreen.xib */; };
		03C7E3AC1B02E4080051F838 /* CarouselPrototypeTests.swift in Sources */ = {isa = PBXBuildFile; fileRef = 03C7E3AB1B02E4080051F838 /* CarouselPrototypeTests.swift */; };
/* End PBXBuildFile section */

/* Begin PBXContainerItemProxy section */
		03C7E3A61B02E4080051F838 /* PBXContainerItemProxy */ = {
			isa = PBXContainerItemProxy;
			containerPortal = 03C7E3881B02E4080051F838 /* Project object */;
			proxyType = 1;
			remoteGlobalIDString = 03C7E38F1B02E4080051F838;
			remoteInfo = CarouselPrototype;
		};
/* End PBXContainerItemProxy section */

/* Begin PBXFileReference section */
		03C7E3901B02E4080051F838 /* CarouselPrototype.app */ = {isa = PBXFileReference; explicitFileType = wrapper.application; includeInIndex = 0; path = CarouselPrototype.app; sourceTree = BUILT_PRODUCTS_DIR; };
		03C7E3941B02E4080051F838 /* Info.plist */ = {isa = PBXFileReference; lastKnownFileType = text.plist.xml; path = Info.plist; sourceTree = "<group>"; };
		03C7E3951B02E4080051F838 /* AppDelegate.swift */ = {isa = PBXFileReference; lastKnownFileType = sourcecode.swift; path = AppDelegate.swift; sourceTree = "<group>"; };
		03C7E3971B02E4080051F838 /* ViewController.swift */ = {isa = PBXFileReference; lastKnownFileType = sourcecode.swift; path = ViewController.swift; sourceTree = "<group>"; };
		03C7E39A1B02E4080051F838 /* Base */ = {isa = PBXFileReference; lastKnownFileType = file.storyboard; name = Base; path = Base.lproj/Main.storyboard; sourceTree = "<group>"; };
		03C7E39C1B02E4080051F838 /* Images.xcassets */ = {isa = PBXFileReference; lastKnownFileType = folder.assetcatalog; path = Images.xcassets; sourceTree = "<group>"; };
		03C7E39F1B02E4080051F838 /* Base */ = {isa = PBXFileReference; lastKnownFileType = file.xib; name = Base; path = Base.lproj/LaunchScreen.xib; sourceTree = "<group>"; };
		03C7E3A51B02E4080051F838 /* CarouselPrototypeTests.xctest */ = {isa = PBXFileReference; explicitFileType = wrapper.cfbundle; includeInIndex = 0; path = CarouselPrototypeTests.xctest; sourceTree = BUILT_PRODUCTS_DIR; };
		03C7E3AA1B02E4080051F838 /* Info.plist */ = {isa = PBXFileReference; lastKnownFileType = text.plist.xml; path = Info.plist; sourceTree = "<group>"; };
		03C7E3AB1B02E4080051F838 /* CarouselPrototypeTests.swift */ = {isa = PBXFileReference; lastKnownFileType = sourcecode.swift; path = CarouselPrototypeTests.swift; sourceTree = "<group>"; };
/* End PBXFileReference section */

/* Begin PBXFrameworksBuildPhase section */
		03C7E38D1B02E4080051F838 /* Frameworks */ = {
			isa = PBXFrameworksBuildPhase;
			buildActionMask = 2147483647;
			files = (
			);
			runOnlyForDeploymentPostprocessing = 0;
		};
		03C7E3A21B02E4080051F838 /* Frameworks */ = {
			isa = PBXFrameworksBuildPhase;
			buildActionMask = 2147483647;
			files = (
			);
			runOnlyForDeploymentPostprocessing = 0;
		};
/* End PBXFrameworksBuildPhase section */

/* Begin PBXGroup section */
		03C7E3871B02E4080051F838 = {
			isa = PBXGroup;
			children = (
				03C7E3921B02E4080051F838 /* CarouselPrototype */,
				03C7E3A81B02E4080051F838 /* CarouselPrototypeTests */,
				03C7E3911B02E4080051F838 /* Products */,
			);
			sourceTree = "<group>";
		};
		03C7E3911B02E4080051F838 /* Products */ = {
			isa = PBXGroup;
			children = (
				03C7E3901B02E4080051F838 /* CarouselPrototype.app */,
				03C7E3A51B02E4080051F838 /* CarouselPrototypeTests.xctest */,
			);
			name = Products;
			sourceTree = "<group>";
		};
		03C7E3921B02E4080051F838 /* CarouselPrototype */ = {
			isa = PBXGroup;
			children = (
				03C7E3951B02E4080051F838 /* AppDelegate.swift */,
				03C7E3971B02E4080051F838 /* ViewController.swift */,
				03C7E3991B02E4080051F838 /* Main.storyboard */,
				03C7E39C1B02E4080051F838 /* Images.xcassets */,
				03C7E39E1B02E4080051F838 /* LaunchScreen.xib */,
				03C7E3931B02E4080051F838 /* Supporting Files */,
			);
			path = CarouselPrototype;
			sourceTree = "<group>";
		};
		03C7E3931B02E4080051F838 /* Supporting Files */ = {
			isa = PBXGroup;
			children = (
				03C7E3941B02E4080051F838 /* Info.plist */,
			);
			name = "Supporting Files";
			sourceTree = "<group>";
		};
		03C7E3A81B02E4080051F838 /* CarouselPrototypeTests */ = {
			isa = PBXGroup;
			children = (
				03C7E3AB1B02E4080051F838 /* CarouselPrototypeTests.swift */,
				03C7E3A91B02E4080051F838 /* Supporting Files */,
			);
			path = CarouselPrototypeTests;
			sourceTree = "<group>";
		};
		03C7E3A91B02E4080051F838 /* Supporting Files */ = {
			isa = PBXGroup;
			children = (
				03C7E3AA1B02E4080051F838 /* Info.plist */,
			);
			name = "Supporting Files";
			sourceTree = "<group>";
		};
/* End PBXGroup section */

/* Begin PBXNativeTarget section */
		03C7E38F1B02E4080051F838 /* CarouselPrototype */ = {
			isa = PBXNativeTarget;
			buildConfigurationList = 03C7E3AF1B02E4080051F838 /* Build configuration list for PBXNativeTarget "CarouselPrototype" */;
			buildPhases = (
				03C7E38C1B02E4080051F838 /* Sources */,
				03C7E38D1B02E4080051F838 /* Frameworks */,
				03C7E38E1B02E4080051F838 /* Resources */,
			);
			buildRules = (
			);
			dependencies = (
			);
			name = CarouselPrototype;
			productName = CarouselPrototype;
			productReference = 03C7E3901B02E4080051F838 /* CarouselPrototype.app */;
			productType = "com.apple.product-type.application";
		};
		03C7E3A41B02E4080051F838 /* CarouselPrototypeTests */ = {
			isa = PBXNativeTarget;
			buildConfigurationList = 03C7E3B21B02E4080051F838 /* Build configuration list for PBXNativeTarget "CarouselPrototypeTests" */;
			buildPhases = (
				03C7E3A11B02E4080051F838 /* Sources */,
				03C7E3A21B02E4080051F838 /* Frameworks */,
				03C7E3A31B02E4080051F838 /* Resources */,
			);
			buildRules = (
			);
			dependencies = (
				03C7E3A71B02E4080051F838 /* PBXTargetDependency */,
			);
			name = CarouselPrototypeTests;
			productName = CarouselPrototypeTests;
			productReference = 03C7E3A51B02E4080051F838 /* CarouselPrototypeTests.xctest */;
			productType = "com.apple.product-type.bundle.unit-test";
		};
/* End PBXNativeTarget section */

/* Begin PBXProject section */
		03C7E3881B02E4080051F838 /* Project object */ = {
			isa = PBXProject;
			attributes = {
				LastUpgradeCheck = 0630;
				ORGANIZATIONNAME = "Nan Chen";
				TargetAttributes = {
					03C7E38F1B02E4080051F838 = {
						CreatedOnToolsVersion = 6.3.1;
					};
					03C7E3A41B02E4080051F838 = {
						CreatedOnToolsVersion = 6.3.1;
						TestTargetID = 03C7E38F1B02E4080051F838;
					};
				};
			};
			buildConfigurationList = 03C7E38B1B02E4080051F838 /* Build configuration list for PBXProject "CarouselPrototype" */;
			compatibilityVersion = "Xcode 3.2";
			developmentRegion = English;
			hasScannedForEncodings = 0;
			knownRegions = (
				en,
				Base,
			);
			mainGroup = 03C7E3871B02E4080051F838;
			productRefGroup = 03C7E3911B02E4080051F838 /* Products */;
			projectDirPath = "";
			projectRoot = "";
			targets = (
				03C7E38F1B02E4080051F838 /* CarouselPrototype */,
				03C7E3A41B02E4080051F838 /* CarouselPrototypeTests */,
			);
		};
/* End PBXProject section */

/* Begin PBXResourcesBuildPhase section */
		03C7E38E1B02E4080051F838 /* Resources */ = {
			isa = PBXResourcesBuildPhase;
			buildActionMask = 2147483647;
			files = (
				03C7E39B1B02E4080051F838 /* Main.storyboard in Resources */,
				03C7E3A01B02E4080051F838 /* LaunchScreen.xib in Resources */,
				03C7E39D1B02E4080051F838 /* Images.xcassets in Resources */,
			);
			runOnlyForDeploymentPostprocessing = 0;
		};
		03C7E3A31B02E4080051F838 /* Resources */ = {
			isa = PBXResourcesBuildPhase;
			buildActionMask = 2147483647;
			files = (
			);
			runOnlyForDeploymentPostprocessing = 0;
		};
/* End PBXResourcesBuildPhase section */

/* Begin PBXSourcesBuildPhase section */
		03C7E38C1B02E4080051F838 /* Sources */ = {
			isa = PBXSourcesBuildPhase;
			buildActionMask = 2147483647;
			files = (
				03C7E3981B02E4080051F838 /* ViewController.swift in Sources */,
				03C7E3961B02E4080051F838 /* AppDelegate.swift in Sources */,
			);
			runOnlyForDeploymentPostprocessing = 0;
		};
		03C7E3A11B02E4080051F838 /* Sources */ = {
			isa = PBXSourcesBuildPhase;
			buildActionMask = 2147483647;
			files = (
				03C7E3AC1B02E4080051F838 /* CarouselPrototypeTests.swift in Sources */,
			);
			runOnlyForDeploymentPostprocessing = 0;
		};
/* End PBXSourcesBuildPhase section */

/* Begin PBXTargetDependency section */
		03C7E3A71B02E4080051F838 /* PBXTargetDependency */ = {
			isa = PBXTargetDependency;
			target = 03C7E38F1B02E4080051F838 /* CarouselPrototype */;
			targetProxy = 03C7E3A61B02E4080051F838 /* PBXContainerItemProxy */;
		};
/* End PBXTargetDependency section */

/* Begin PBXVariantGroup section */
		03C7E3991B02E4080051F838 /* Main.storyboard */ = {
			isa = PBXVariantGroup;
			children = (
				03C7E39A1B02E4080051F838 /* Base */,
			);
			name = Main.storyboard;
			sourceTree = "<group>";
		};
		03C7E39E1B02E4080051F838 /* LaunchScreen.xib */ = {
			isa = PBXVariantGroup;
			children = (
				03C7E39F1B02E4080051F838 /* Base */,
			);
			name = LaunchScreen.xib;
			sourceTree = "<group>";
		};
/* End PBXVariantGroup section */

/* Begin XCBuildConfiguration section */
		03C7E3AD1B02E4080051F838 /* Debug */ = {
			isa = XCBuildConfiguration;
			buildSettings = {
				ALWAYS_SEARCH_USER_PATHS = NO;
				CLANG_CXX_LANGUAGE_STANDARD = "gnu++0x";
				CLANG_CXX_LIBRARY = "libc++";
				CLANG_ENABLE_MODULES = YES;
				CLANG_ENABLE_OBJC_ARC = YES;
				CLANG_WARN_BOOL_CONVERSION = YES;
				CLANG_WARN_CONSTANT_CONVERSION = YES;
				CLANG_WARN_DIRECT_OBJC_ISA_USAGE = YES_ERROR;
				CLANG_WARN_EMPTY_BODY = YES;
				CLANG_WARN_ENUM_CONVERSION = YES;
				CLANG_WARN_INT_CONVERSION = YES;
				CLANG_WARN_OBJC_ROOT_CLASS = YES_ERROR;
				CLANG_WARN_UNREACHABLE_CODE = YES;
				CLANG_WARN__DUPLICATE_METHOD_MATCH = YES;
				"CODE_SIGN_IDENTITY[sdk=iphoneos*]" = "iPhone Developer";
				COPY_PHASE_STRIP = NO;
				DEBUG_INFORMATION_FORMAT = "dwarf-with-dsym";
				ENABLE_STRICT_OBJC_MSGSEND = YES;
				GCC_C_LANGUAGE_STANDARD = gnu99;
				GCC_DYNAMIC_NO_PIC = NO;
				GCC_NO_COMMON_BLOCKS = YES;
				GCC_OPTIMIZATION_LEVEL = 0;
				GCC_PREPROCESSOR_DEFINITIONS = (
					"DEBUG=1",
					"$(inherited)",
				);
				GCC_SYMBOLS_PRIVATE_EXTERN = NO;
				GCC_WARN_64_TO_32_BIT_CONVERSION = YES;
				GCC_WARN_ABOUT_RETURN_TYPE = YES_ERROR;
				GCC_WARN_UNDECLARED_SELECTOR = YES;
				GCC_WARN_UNINITIALIZED_AUTOS = YES_AGGRESSIVE;
				GCC_WARN_UNUSED_FUNCTION = YES;
				GCC_WARN_UNUSED_VARIABLE = YES;
				IPHONEOS_DEPLOYMENT_TARGET = 8.3;
				MTL_ENABLE_DEBUG_INFO = YES;
				ONLY_ACTIVE_ARCH = YES;
				SDKROOT = iphoneos;
				SWIFT_OPTIMIZATION_LEVEL = "-Onone";
				TARGETED_DEVICE_FAMILY = "1,2";
			};
			name = Debug;
		};
		03C7E3AE1B02E4080051F838 /* Release */ = {
			isa = XCBuildConfiguration;
			buildSettings = {
				ALWAYS_SEARCH_USER_PATHS = NO;
				CLANG_CXX_LANGUAGE_STANDARD = "gnu++0x";
				CLANG_CXX_LIBRARY = "libc++";
				CLANG_ENABLE_MODULES = YES;
				CLANG_ENABLE_OBJC_ARC = YES;
				CLANG_WARN_BOOL_CONVERSION = YES;
				CLANG_WARN_CONSTANT_CONVERSION = YES;
				CLANG_WARN_DIRECT_OBJC_ISA_USAGE = YES_ERROR;
				CLANG_WARN_EMPTY_BODY = YES;
				CLANG_WARN_ENUM_CONVERSION = YES;
				CLANG_WARN_INT_CONVERSION = YES;
				CLANG_WARN_OBJC_ROOT_CLASS = YES_ERROR;
				CLANG_WARN_UNREACHABLE_CODE = YES;
				CLANG_WARN__DUPLICATE_METHOD_MATCH = YES;
				"CODE_SIGN_IDENTITY[sdk=iphoneos*]" = "iPhone Developer";
				COPY_PHASE_STRIP = NO;
				DEBUG_INFORMATION_FORMAT = "dwarf-with-dsym";
				ENABLE_NS_ASSERTIONS = NO;
				ENABLE_STRICT_OBJC_MSGSEND = YES;
				GCC_C_LANGUAGE_STANDARD = gnu99;
				GCC_NO_COMMON_BLOCKS = YES;
				GCC_WARN_64_TO_32_BIT_CONVERSION = YES;
				GCC_WARN_ABOUT_RETURN_TYPE = YES_ERROR;
				GCC_WARN_UNDECLARED_SELECTOR = YES;
				GCC_WARN_UNINITIALIZED_AUTOS = YES_AGGRESSIVE;
				GCC_WARN_UNUSED_FUNCTION = YES;
				GCC_WARN_UNUSED_VARIABLE = YES;
				IPHONEOS_DEPLOYMENT_TARGET = 8.3;
				MTL_ENABLE_DEBUG_INFO = NO;
				SDKROOT = iphoneos;
				TARGETED_DEVICE_FAMILY = "1,2";
				VALIDATE_PRODUCT = YES;
			};
			name = Release;
		};
		03C7E3B01B02E4080051F838 /* Debug */ = {
			isa = XCBuildConfiguration;
			buildSettings = {
				ASSETCATALOG_COMPILER_APPICON_NAME = AppIcon;
				INFOPLIST_FILE = CarouselPrototype/Info.plist;
				LD_RUNPATH_SEARCH_PATHS = "$(inherited) @executable_path/Frameworks";
				PRODUCT_NAME = "$(TARGET_NAME)";
			};
			name = Debug;
		};
		03C7E3B11B02E4080051F838 /* Release */ = {
			isa = XCBuildConfiguration;
			buildSettings = {
				ASSETCATALOG_COMPILER_APPICON_NAME = AppIcon;
				INFOPLIST_FILE = CarouselPrototype/Info.plist;
				LD_RUNPATH_SEARCH_PATHS = "$(inherited) @executable_path/Frameworks";
				PRODUCT_NAME = "$(TARGET_NAME)";
			};
			name = Release;
		};
		03C7E3B31B02E4080051F838 /* Debug */ = {
			isa = XCBuildConfiguration;
			buildSettings = {
				BUNDLE_LOADER = "$(TEST_HOST)";
				FRAMEWORK_SEARCH_PATHS = (
					"$(SDKROOT)/Developer/Library/Frameworks",
					"$(inherited)",
				);
				GCC_PREPROCESSOR_DEFINITIONS = (
					"DEBUG=1",
					"$(inherited)",
				);
				INFOPLIST_FILE = CarouselPrototypeTests/Info.plist;
				LD_RUNPATH_SEARCH_PATHS = "$(inherited) @executable_path/Frameworks @loader_path/Frameworks";
				PRODUCT_NAME = "$(TARGET_NAME)";
				TEST_HOST = "$(BUILT_PRODUCTS_DIR)/CarouselPrototype.app/CarouselPrototype";
			};
			name = Debug;
		};
		03C7E3B41B02E4080051F838 /* Release */ = {
			isa = XCBuildConfiguration;
			buildSettings = {
				BUNDLE_LOADER = "$(TEST_HOST)";
				FRAMEWORK_SEARCH_PATHS = (
					"$(SDKROOT)/Developer/Library/Frameworks",
					"$(inherited)",
				);
				INFOPLIST_FILE = CarouselPrototypeTests/Info.plist;
				LD_RUNPATH_SEARCH_PATHS = "$(inherited) @executable_path/Frameworks @loader_path/Frameworks";
				PRODUCT_NAME = "$(TARGET_NAME)";
				TEST_HOST = "$(BUILT_PRODUCTS_DIR)/CarouselPrototype.app/CarouselPrototype";
			};
			name = Release;
		};
/* End XCBuildConfiguration section */

/* Begin XCConfigurationList section */
		03C7E38B1B02E4080051F838 /* Build configuration list for PBXProject "CarouselPrototype" */ = {
			isa = XCConfigurationList;
			buildConfigurations = (
				03C7E3AD1B02E4080051F838 /* Debug */,
				03C7E3AE1B02E4080051F838 /* Release */,
			);
			defaultConfigurationIsVisible = 0;
			defaultConfigurationName = Release;
		};
		03C7E3AF1B02E4080051F838 /* Build configuration list for PBXNativeTarget "CarouselPrototype" */ = {
			isa = XCConfigurationList;
			buildConfigurations = (
				03C7E3B01B02E4080051F838 /* Debug */,
				03C7E3B11B02E4080051F838 /* Release */,
			);
			defaultConfigurationIsVisible = 0;
		};
		03C7E3B21B02E4080051F838 /* Build configuration list for PBXNativeTarget "CarouselPrototypeTests" */ = {
			isa = XCConfigurationList;
			buildConfigurations = (
				03C7E3B31B02E4080051F838 /* Debug */,
				03C7E3B41B02E4080051F838 /* Release */,
			);
			defaultConfigurationIsVisible = 0;
		};
/* End XCConfigurationList section */
	};
	rootObject = 03C7E3881B02E4080051F838 /* Project object */;
}
